{
  "name": "pre-entrega-proyecto",
  "lockfileVersion": 2,
  "requires": true,
  "packages": {
    "": {
      "dependencies": {
        "bootstrap-icons": "^1.9.1",
        "sweetalert2": "^11.4.35"
      }
    },
    "node_modules/bootstrap-icons": {
      "version": "1.9.1",
      "resolved": "https://registry.npmjs.org/bootstrap-icons/-/bootstrap-icons-1.9.1.tgz",
      "integrity": "sha512-d4ZkO30MIkAhQ2nNRJqKXJVEQorALGbLWTuRxyCTJF96lRIV6imcgMehWGJUiJMJhglN0o2tqLIeDnMdiQEE9g=="
    },
    "node_modules/sweetalert2": {
      "version": "11.4.35",
      "resolved": "https://registry.npmjs.org/sweetalert2/-/sweetalert2-11.4.35.tgz",
      "integrity": "sha512-nifH7Hd8oSIO8qf6GHhob6xZK2KoX7+EalTFm3nHshdQ38TY/r0m/QiuJCDL0cTGbRhzMWL7WYBSA3fjnh+F1g==",
      "funding": {
        "type": "individual",
        "url": "https://sweetalert2.github.io/#donations"
      }
    }
  },
  "dependencies": {
    "bootstrap-icons": {
      "version": "1.9.1",
      "resolved": "https://registry.npmjs.org/bootstrap-icons/-/bootstrap-icons-1.9.1.tgz",
      "integrity": "sha512-d4ZkO30MIkAhQ2nNRJqKXJVEQorALGbLWTuRxyCTJF96lRIV6imcgMehWGJUiJMJhglN0o2tqLIeDnMdiQEE9g=="
    },
    "sweetalert2": {
      "version": "11.4.35",
      "resolved": "https://registry.npmjs.org/sweetalert2/-/sweetalert2-11.4.35.tgz",
      "integrity": "sha512-nifH7Hd8oSIO8qf6GHhob6xZK2KoX7+EalTFm3nHshdQ38TY/r0m/QiuJCDL0cTGbRhzMWL7WYBSA3fjnh+F1g=="
    }
  }
}
